
Microsoft Visual Studio Solution File, Format Version 12.00
# Visual Studio Version 17
VisualStudioVersion = 17.0.31919.166
MinimumVisualStudioVersion = 10.0.40219.1
Project("{9A19103F-16F7-4668-BE54-9A1E7A4F7556}") = "YahaPet.Core", "YahaPet.Core\YahaPet.Core.csproj", "{6F1D8E8D-8F8D-4A8E-B8C1-8F8D8F8D8F8D}"
EndProject
Project("{9A19103F-16F7-4668-BE54-9A1E7A4F7556}") = "YahaPet.Core.Tests", "YahaPet.Core.Tests\YahaPet.Core.Tests.csproj", "{7F2E9F9E-9F9E-5B9F-C9D2-9F9E9F9E9F9E}"
EndProject
Project("{FAE04EC0-301F-11D3-BF4B-00C04F79EFBC}") = "YahaPet.AssetPipeline", "YahaPet.AssetPipeline\YahaPet.AssetPipeline.csproj", "{CE568F37-A997-4EDD-85DB-CF7A496AA846}"
EndProject
Project("{FAE04EC0-301F-11D3-BF4B-00C04F79EFBC}") = "YahaPet.AssetPipeline.Tests", "YahaPet.AssetPipeline.Tests\YahaPet.AssetPipeline.Tests.csproj", "{840D0EBE-175A-4CCC-B095-59D68E5DCA28}"
EndProject
Project("{FAE04EC0-301F-11D3-BF4B-00C04F79EFBC}") = "YahaPet.Wpf", "YahaPet.Wpf\YahaPet.Wpf.csproj", "{CBCFC9B4-6391-4BF6-B1F4-3BBDF05EBE5E}"
EndProject
Project("{FAE04EC0-301F-11D3-BF4B-00C04F79EFBC}") = "YahaPet.Wpf.Tests", "YahaPet.Wpf.Tests\YahaPet.Wpf.Tests.csproj", "{9DCC46D7-FE05-4BDA-8E24-1B309A752E01}"
EndProject
Global
	GlobalSection(SolutionConfigurationPlatforms) = preSolution
		Debug|Any CPU = Debug|Any CPU
		Debug|x64 = Debug|x64
		Debug|x86 = Debug|x86
		Release|Any CPU = Release|Any CPU
		Release|x64 = Release|x64
		Release|x86 = Release|x86
	EndGlobalSection
	GlobalSection(ProjectConfigurationPlatforms) = postSolution
		{6F1D8E8D-8F8D-4A8E-B8C1-8F8D8F8D8F8D}.Debug|Any CPU.ActiveCfg = Debug|Any CPU
		{6F1D8E8D-8F8D-4A8E-B8C1-8F8D8F8D8F8D}.Debug|Any CPU.Build.0 = Debug|Any CPU
		{6F1D8E8D-8F8D-4A8E-B8C1-8F8D8F8D8F8D}.Debug|x64.ActiveCfg = Debug|Any CPU
		{6F1D8E8D-8F8D-4A8E-B8C1-8F8D8F8D8F8D}.Debug|x64.Build.0 = Debug|Any CPU
		{6F1D8E8D-8F8D-4A8E-B8C1-8F8D8F8D8F8D}.Debug|x86.ActiveCfg = Debug|Any CPU
		{6F1D8E8D-8F8D-4A8E-B8C1-8F8D8F8D8F8D}.Debug|x86.Build.0 = Debug|Any CPU
		{6F1D8E8D-8F8D-4A8E-B8C1-8F8D8F8D8F8D}.Release|Any CPU.ActiveCfg = Release|Any CPU
		{6F1D8E8D-8F8D-4A8E-B8C1-8F8D8F8D8F8D}.Release|Any CPU.Build.0 = Release|Any CPU
		{6F1D8E8D-8F8D-4A8E-B8C1-8F8D8F8D8F8D}.Release|x64.ActiveCfg = Release|Any CPU
		{6F1D8E8D-8F8D-4A8E-B8C1-8F8D8F8D8F8D}.Release|x64.Build.0 = Release|Any CPU
		{6F1D8E8D-8F8D-4A8E-B8C1-8F8D8F8D8F8D}.Release|x86.ActiveCfg = Release|Any CPU
		{6F1D8E8D-8F8D-4A8E-B8C1-8F8D8F8D8F8D}.Release|x86.Build.0 = Release|Any CPU
		{7F2E9F9E-9F9E-5B9F-C9D2-9F9E9F9E9F9E}.Debug|Any CPU.ActiveCfg = Debug|Any CPU
		{7F2E9F9E-9F9E-5B9F-C9D2-9F9E9F9E9F9E}.Debug|Any CPU.Build.0 = Debug|Any CPU
		{7F2E9F9E-9F9E-5B9F-C9D2-9F9E9F9E9F9E}.Debug|x64.ActiveCfg = Debug|Any CPU
		{7F2E9F9E-9F9E-5B9F-C9D2-9F9E9F9E9F9E}.Debug|x64.Build.0 = Debug|Any CPU
		{7F2E9F9E-9F9E-5B9F-C9D2-9F9E9F9E9F9E}.Debug|x86.ActiveCfg = Debug|Any CPU
		{7F2E9F9E-9F9E-5B9F-C9D2-9F9E9F9E9F9E}.Debug|x86.Build.0 = Debug|Any CPU
		{7F2E9F9E-9F9E-5B9F-C9D2-9F9E9F9E9F9E}.Release|Any CPU.ActiveCfg = Release|Any CPU
		{7F2E9F9E-9F9E-5B9F-C9D2-9F9E9F9E9F9E}.Release|Any CPU.Build.0 = Release|Any CPU
		{7F2E9F9E-9F9E-5B9F-C9D2-9F9E9F9E9F9E}.Release|x64.ActiveCfg = Release|Any CPU
		{7F2E9F9E-9F9E-5B9F-C9D2-9F9E9F9E9F9E}.Release|x64.Build.0 = Release|Any CPU
		{7F2E9F9E-9F9E-5B9F-C9D2-9F9E9F9E9F9E}.Release|x86.ActiveCfg = Release|Any CPU
		{7F2E9F9E-9F9E-5B9F-C9D2-9F9E9F9E9F9E}.Release|x86.Build.0 = Release|Any CPU
		{CE568F37-A997-4EDD-85DB-CF7A496AA846}.Debug|Any CPU.ActiveCfg = Debug|Any CPU
		{CE568F37-A997-4EDD-85DB-CF7A496AA846}.Debug|Any CPU.Build.0 = Debug|Any CPU
		{CE568F37-A997-4EDD-85DB-CF7A496AA846}.Debug|x64.ActiveCfg = Debug|Any CPU
		{CE568F37-A997-4EDD-85DB-CF7A496AA846}.Debug|x64.Build.0 = Debug|Any CPU
		{CE568F37-A997-4EDD-85DB-CF7A496AA846}.Debug|x86.ActiveCfg = Debug|Any CPU
		{CE568F37-A997-4EDD-85DB-CF7A496AA846}.Debug|x86.Build.0 = Debug|Any CPU
		{CE568F37-A997-4EDD-85DB-CF7A496AA846}.Release|Any CPU.ActiveCfg = Release|Any CPU
		{CE568F37-A997-4EDD-85DB-CF7A496AA846}.Release|Any CPU.Build.0 = Release|Any CPU
		{CE568F37-A997-4EDD-85DB-CF7A496AA846}.Release|x64.ActiveCfg = Release|Any CPU
		{CE568F37-A997-4EDD-85DB-CF7A496AA846}.Release|x64.Build.0 = Release|Any CPU
		{CE568F37-A997-4EDD-85DB-CF7A496AA846}.Release|x86.ActiveCfg = Release|Any CPU
		{CE568F37-A997-4EDD-85DB-CF7A496AA846}.Release|x86.Build.0 = Release|Any CPU
		{840D0EBE-175A-4CCC-B095-59D68E5DCA28}.Debug|Any CPU.ActiveCfg = Debug|Any CPU
		{840D0EBE-175A-4CCC-B095-59D68E5DCA28}.Debug|Any CPU.Build.0 = Debug|Any CPU
		{840D0EBE-175A-4CCC-B095-59D68E5DCA28}.Debug|x64.ActiveCfg = Debug|Any CPU
		{840D0EBE-175A-4CCC-B095-59D68E5DCA28}.Debug|x64.Build.0 = Debug|Any CPU
		{840D0EBE-175A-4CCC-B095-59D68E5DCA28}.Debug|x86.ActiveCfg = Debug|Any CPU
		{840D0EBE-175A-4CCC-B095-59D68E5DCA28}.Debug|x86.Build.0 = Debug|Any CPU
		{840D0EBE-175A-4CCC-B095-59D68E5DCA28}.Release|Any CPU.ActiveCfg = Release|Any CPU
		{840D0EBE-175A-4CCC-B095-59D68E5DCA28}.Release|Any CPU.Build.0 = Release|Any CPU
		{840D0EBE-175A-4CCC-B095-59D68E5DCA28}.Release|x64.ActiveCfg = Release|Any CPU
		{840D0EBE-175A-4CCC-B095-59D68E5DCA28}.Release|x64.Build.0 = Release|Any CPU
		{840D0EBE-175A-4CCC-B095-59D68E5DCA28}.Release|x86.ActiveCfg = Release|Any CPU
		{840D0EBE-175A-4CCC-B095-59D68E5DCA28}.Release|x86.Build.0 = Release|Any CPU
		{CBCFC9B4-6391-4BF6-B1F4-3BBDF05EBE5E}.Debug|Any CPU.ActiveCfg = Debug|Any CPU
		{CBCFC9B4-6391-4BF6-B1F4-3BBDF05EBE5E}.Debug|Any CPU.Build.0 = Debug|Any CPU
		{CBCFC9B4-6391-4BF6-B1F4-3BBDF05EBE5E}.Debug|x64.ActiveCfg = Debug|Any CPU
		{CBCFC9B4-6391-4BF6-B1F4-3BBDF05EBE5E}.Debug|x64.Build.0 = Debug|Any CPU
		{CBCFC9B4-6391-4BF6-B1F4-3BBDF05EBE5E}.Debug|x86.ActiveCfg = Debug|Any CPU
		{CBCFC9B4-6391-4BF6-B1F4-3BBDF05EBE5E}.Debug|x86.Build.0 = Debug|Any CPU
		{CBCFC9B4-6391-4BF6-B1F4-3BBDF05EBE5E}.Release|Any CPU.ActiveCfg = Release|Any CPU
		{CBCFC9B4-6391-4BF6-B1F4-3BBDF05EBE5E}.Release|Any CPU.Build.0 = Release|Any CPU
		{CBCFC9B4-6391-4BF6-B1F4-3BBDF05EBE5E}.Release|x64.ActiveCfg = Release|Any CPU
		{CBCFC9B4-6391-4BF6-B1F4-3BBDF05EBE5E}.Release|x64.Build.0 = Release|Any CPU
		{CBCFC9B4-6391-4BF6-B1F4-3BBDF05EBE5E}.Release|x86.ActiveCfg = Release|Any CPU
		{CBCFC9B4-6391-4BF6-B1F4-3BBDF05EBE5E}.Release|x86.Build.0 = Release|Any CPU
		{9DCC46D7-FE05-4BDA-8E24-1B309A752E01}.Debug|Any CPU.ActiveCfg = Debug|Any CPU
		{9DCC46D7-FE05-4BDA-8E24-1B309A752E01}.Debug|Any CPU.Build.0 = Debug|Any CPU
		{9DCC46D7-FE05-4BDA-8E24-1B309A752E01}.Debug|x64.ActiveCfg = Debug|Any CPU
		{9DCC46D7-FE05-4BDA-8E24-1B309A752E01}.Debug|x64.Build.0 = Debug|Any CPU
		{9DCC46D7-FE05-4BDA-8E24-1B309A752E01}.Debug|x86.ActiveCfg = Debug|Any CPU
		{9DCC46D7-FE05-4BDA-8E24-1B309A752E01}.Debug|x86.Build.0 = Debug|Any CPU
		{9DCC46D7-FE05-4BDA-8E24-1B309A752E01}.Release|Any CPU.ActiveCfg = Release|Any CPU
		{9DCC46D7-FE05-4BDA-8E24-1B309A752E01}.Release|Any CPU.Build.0 = Release|Any CPU
		{9DCC46D7-FE05-4BDA-8E24-1B309A752E01}.Release|x64.ActiveCfg = Release|Any CPU
		{9DCC46D7-FE05-4BDA-8E24-1B309A752E01}.Release|x64.Build.0 = Release|Any CPU
		{9DCC46D7-FE05-4BDA-8E24-1B309A752E01}.Release|x86.ActiveCfg = Release|Any CPU
		{9DCC46D7-FE05-4BDA-8E24-1B309A752E01}.Release|x86.Build.0 = Release|Any CPU
	EndGlobalSection
	GlobalSection(SolutionProperties) = preSolution
		HideSolutionNode = FALSE
	EndGlobalSection
EndGlobal
